
Microsoft Visual Studio Solution File, Format Version 12.00
# Visual Studio Version 17
VisualStudioVersion = 17.5.33424.131
MinimumVisualStudioVersion = 10.0.40219.1
Project("{8BC9CEB8-8B4A-11D0-8D11-00A0C91BC942}") = "sp lab 1", "sp lab 1\sp lab 1.vcxproj", "{374C7DB9-EC75-4561-987F-D1BF3A2AB46C}"
EndProject
Global
	GlobalSection(SolutionConfigurationPlatforms) = preSolution
		Debug|x64 = Debug|x64
		Debug|x86 = Debug|x86
		Release|x64 = Release|x64
		Release|x86 = Release|x86
	EndGlobalSection
	GlobalSection(ProjectConfigurationPlatforms) = postSolution
		{374C7DB9-EC75-4561-987F-D1BF3A2AB46C}.Debug|x64.ActiveCfg = Debug|x64
		{374C7DB9-EC75-4561-987F-D1BF3A2AB46C}.Debug|x64.Build.0 = Debug|x64
		{374C7DB9-EC75-4561-987F-D1BF3A2AB46C}.Debug|x86.ActiveCfg = Debug|Win32
		{374C7DB9-EC75-4561-987F-D1BF3A2AB46C}.Debug|x86.Build.0 = Debug|Win32
		{374C7DB9-EC75-4561-987F-D1BF3A2AB46C}.Release|x64.ActiveCfg = Release|x64
		{374C7DB9-EC75-4561-987F-D1BF3A2AB46C}.Release|x64.Build.0 = Release|x64
		{374C7DB9-EC75-4561-987F-D1BF3A2AB46C}.Release|x86.ActiveCfg = Release|Win32
		{374C7DB9-EC75-4561-987F-D1BF3A2AB46C}.Release|x86.Build.0 = Release|Win32
	EndGlobalSection
	GlobalSection(SolutionProperties) = preSolution
		HideSolutionNode = FALSE
	EndGlobalSection
	GlobalSection(ExtensibilityGlobals) = postSolution
		SolutionGuid = {5F20E6E4-FA4B-4B60-B70D-DC3638E851F0}
	EndGlobalSection
EndGlobal
